
Microsoft Visual Studio Solution File, Format Version 12.00
# Visual Studio 14
VisualStudioVersion = 14.0.24720.0
MinimumVisualStudioVersion = 10.0.40219.1
Project("{FAE04EC0-301F-11D3-BF4B-00C04F79EFBC}") = "RGR_sch", "RGR_sch\RGR_sch.csproj", "{8F4F6DBA-3DB4-4CB7-BFEA-0506AF66D54E}"
EndProject
Global
	GlobalSection(SolutionConfigurationPlatforms) = preSolution
		Debug|Any CPU = Debug|Any CPU
		Release|Any CPU = Release|Any CPU
	EndGlobalSection
	GlobalSection(ProjectConfigurationPlatforms) = postSolution
		{8F4F6DBA-3DB4-4CB7-BFEA-0506AF66D54E}.Debug|Any CPU.ActiveCfg = Debug|Any CPU
		{8F4F6DBA-3DB4-4CB7-BFEA-0506AF66D54E}.Debug|Any CPU.Build.0 = Debug|Any CPU
		{8F4F6DBA-3DB4-4CB7-BFEA-0506AF66D54E}.Release|Any CPU.ActiveCfg = Release|Any CPU
		{8F4F6DBA-3DB4-4CB7-BFEA-0506AF66D54E}.Release|Any CPU.Build.0 = Release|Any CPU
	EndGlobalSection
	GlobalSection(SolutionProperties) = preSolution
		HideSolutionNode = FALSE
	EndGlobalSection
EndGlobal
